// !$*UTF8*$!
{
	archiveVersion = 1;
	classes = {
	};
	objectVersion = 56;
	objects = {

/* Begin PBXBuildFile section */
		14E6C92A2A46F594008817BA /* RegUiApp.swift in Sources */ = {isa = PBXBuildFile; fileRef = 14E6C9292A46F594008817BA /* RegUiApp.swift */; };
		14E6C92C2A46F594008817BA /* ContentView.swift in Sources */ = {isa = PBXBuildFile; fileRef = 14E6C92B2A46F594008817BA /* ContentView.swift */; };
		14E6C92E2A46F595008817BA /* Assets.xcassets in Resources */ = {isa = PBXBuildFile; fileRef = 14E6C92D2A46F595008817BA /* Assets.xcassets */; };
		14E6C9312A46F595008817BA /* Preview Assets.xcassets in Resources */ = {isa = PBXBuildFile; fileRef = 14E6C9302A46F595008817BA /* Preview Assets.xcassets */; };
		14E6C93B2A46F595008817BA /* RegUiTests.swift in Sources */ = {isa = PBXBuildFile; fileRef = 14E6C93A2A46F595008817BA /* RegUiTests.swift */; };
		14E6C9452A46F595008817BA /* RegUiUITests.swift in Sources */ = {isa = PBXBuildFile; fileRef = 14E6C9442A46F595008817BA /* RegUiUITests.swift */; };
		14E6C9472A46F595008817BA /* RegUiUITestsLaunchTests.swift in Sources */ = {isa = PBXBuildFile; fileRef = 14E6C9462A46F595008817BA /* RegUiUITestsLaunchTests.swift */; };
/* End PBXBuildFile section */

/* Begin PBXContainerItemProxy section */
		14E6C9372A46F595008817BA /* PBXContainerItemProxy */ = {
			isa = PBXContainerItemProxy;
			containerPortal = 14E6C91E2A46F594008817BA /* Project object */;
			proxyType = 1;
			remoteGlobalIDString = 14E6C9252A46F594008817BA;
			remoteInfo = RegUi;
		};
		14E6C9412A46F595008817BA /* PBXContainerItemProxy */ = {
			isa = PBXContainerItemProxy;
			containerPortal = 14E6C91E2A46F594008817BA /* Project object */;
			proxyType = 1;
			remoteGlobalIDString = 14E6C9252A46F594008817BA;
			remoteInfo = RegUi;
		};
/* End PBXContainerItemProxy section */

/* Begin PBXFileReference section */
		14E6C9262A46F594008817BA /* RegUi.app */ = {isa = PBXFileReference; explicitFileType = wrapper.application; includeInIndex = 0; path = RegUi.app; sourceTree = BUILT_PRODUCTS_DIR; };
		14E6C9292A46F594008817BA /* RegUiApp.swift */ = {isa = PBXFileReference; lastKnownFileType = sourcecode.swift; path = RegUiApp.swift; sourceTree = "<group>"; };
		14E6C92B2A46F594008817BA /* ContentView.swift */ = {isa = PBXFileReference; lastKnownFileType = sourcecode.swift; path = ContentView.swift; sourceTree = "<group>"; };
		14E6C92D2A46F595008817BA /* Assets.xcassets */ = {isa = PBXFileReference; lastKnownFileType = folder.assetcatalog; path = Assets.xcassets; sourceTree = "<group>"; };
		14E6C9302A46F595008817BA /* Preview Assets.xcassets */ = {isa = PBXFileReference; lastKnownFileType = folder.assetcatalog; path = "Preview Assets.xcassets"; sourceTree = "<group>"; };
		14E6C9362A46F595008817BA /* RegUiTests.xctest */ = {isa = PBXFileReference; explicitFileType = wrapper.cfbundle; includeInIndex = 0; path = RegUiTests.xctest; sourceTree = BUILT_PRODUCTS_DIR; };
		14E6C93A2A46F595008817BA /* RegUiTests.swift */ = {isa = PBXFileReference; lastKnownFileType = sourcecode.swift; path = RegUiTests.swift; sourceTree = "<group>"; };
		14E6C9402A46F595008817BA /* RegUiUITests.xctest */ = {isa = PBXFileReference; explicitFileType = wrapper.cfbundle; includeInIndex = 0; path = RegUiUITests.xctest; sourceTree = BUILT_PRODUCTS_DIR; };
		14E6C9442A46F595008817BA /* RegUiUITests.swift */ = {isa = PBXFileReference; lastKnownFileType = sourcecode.swift; path = RegUiUITests.swift; sourceTree = "<group>"; };
		14E6C9462A46F595008817BA /* RegUiUITestsLaunchTests.swift */ = {isa = PBXFileReference; lastKnownFileType = sourcecode.swift; path = RegUiUITestsLaunchTests.swift; sourceTree = "<group>"; };
/* End PBXFileReference section */

/* Begin PBXFrameworksBuildPhase section */
		14E6C9232A46F594008817BA /* Frameworks */ = {
			isa = PBXFrameworksBuildPhase;
			buildActionMask = 2147483647;
			files = (
			);
			runOnlyForDeploymentPostprocessing = 0;
		};
		14E6C9332A46F595008817BA /* Frameworks */ = {
			isa = PBXFrameworksBuildPhase;
			buildActionMask = 2147483647;
			files = (
			);
			runOnlyForDeploymentPostprocessing = 0;
		};
		14E6C93D2A46F595008817BA /* Frameworks */ = {
			isa = PBXFrameworksBuildPhase;
			buildActionMask = 2147483647;
			files = (
			);
			runOnlyForDeploymentPostprocessing = 0;
		};
/* End PBXFrameworksBuildPhase section */

/* Begin PBXGroup section */
		14E6C91D2A46F594008817BA = {
			isa = PBXGroup;
			children = (
				14E6C9282A46F594008817BA /* RegUi */,
				14E6C9392A46F595008817BA /* RegUiTests */,
				14E6C9432A46F595008817BA /* RegUiUITests */,
				14E6C9272A46F594008817BA /* Products */,
			);
			sourceTree = "<group>";
		};
		14E6C9272A46F594008817BA /* Products */ = {
			isa = PBXGroup;
			children = (
				14E6C9262A46F594008817BA /* RegUi.app */,
				14E6C9362A46F595008817BA /* RegUiTests.xctest */,
				14E6C9402A46F595008817BA /* RegUiUITests.xctest */,
			);
			name = Products;
			sourceTree = "<group>";
		};
		14E6C9282A46F594008817BA /* RegUi */ = {
			isa = PBXGroup;
			children = (
				14E6C9292A46F594008817BA /* RegUiApp.swift */,
				14E6C92B2A46F594008817BA /* ContentView.swift */,
				14E6C92D2A46F595008817BA /* Assets.xcassets */,
				14E6C92F2A46F595008817BA /* Preview Content */,
			);
			path = RegUi;
			sourceTree = "<group>";
		};
		14E6C92F2A46F595008817BA /* Preview Content */ = {
			isa = PBXGroup;
			children = (
				14E6C9302A46F595008817BA /* Preview Assets.xcassets */,
			);
			path = "Preview Content";
			sourceTree = "<group>";
		};
		14E6C9392A46F595008817BA /* RegUiTests */ = {
			isa = PBXGroup;
			children = (
				14E6C93A2A46F595008817BA /* RegUiTests.swift */,
			);
			path = RegUiTests;
			sourceTree = "<group>";
		};
		14E6C9432A46F595008817BA /* RegUiUITests */ = {
			isa = PBXGroup;
			children = (
				14E6C9442A46F595008817BA /* RegUiUITests.swift */,
				14E6C9462A46F595008817BA /* RegUiUITestsLaunchTests.swift */,
			);
			path = RegUiUITests;
			sourceTree = "<group>";
		};
/* End PBXGroup section */

/* Begin PBXNativeTarget section */
		14E6C9252A46F594008817BA /* RegUi */ = {
			isa = PBXNativeTarget;
			buildConfigurationList = 14E6C94A2A46F595008817BA /* Build configuration list for PBXNativeTarget "RegUi" */;
			buildPhases = (
				14E6C9222A46F594008817BA /* Sources */,
				14E6C9232A46F594008817BA /* Frameworks */,
				14E6C9242A46F594008817BA /* Resources */,
			);
			buildRules = (
			);
			dependencies = (
			);
			name = RegUi;
			productName = RegUi;
			productReference = 14E6C9262A46F594008817BA /* RegUi.app */;
			productType = "com.apple.product-type.application";
		};
		14E6C9352A46F595008817BA /* RegUiTests */ = {
			isa = PBXNativeTarget;
			buildConfigurationList = 14E6C94D2A46F595008817BA /* Build configuration list for PBXNativeTarget "RegUiTests" */;
			buildPhases = (
				14E6C9322A46F595008817BA /* Sources */,
				14E6C9332A46F595008817BA /* Frameworks */,
				14E6C9342A46F595008817BA /* Resources */,
			);
			buildRules = (
			);
			dependencies = (
				14E6C9382A46F595008817BA /* PBXTargetDependency */,
			);
			name = RegUiTests;
			productName = RegUiTests;
			productReference = 14E6C9362A46F595008817BA /* RegUiTests.xctest */;
			productType = "com.apple.product-type.bundle.unit-test";
		};
		14E6C93F2A46F595008817BA /* RegUiUITests */ = {
			isa = PBXNativeTarget;
			buildConfigurationList = 14E6C9502A46F595008817BA /* Build configuration list for PBXNativeTarget "RegUiUITests" */;
			buildPhases = (
				14E6C93C2A46F595008817BA /* Sources */,
				14E6C93D2A46F595008817BA /* Frameworks */,
				14E6C93E2A46F595008817BA /* Resources */,
			);
			buildRules = (
			);
			dependencies = (
				14E6C9422A46F595008817BA /* PBXTargetDependency */,
			);
			name = RegUiUITests;
			productName = RegUiUITests;
			productReference = 14E6C9402A46F595008817BA /* RegUiUITests.xctest */;
			productType = "com.apple.product-type.bundle.ui-testing";
		};
/* End PBXNativeTarget section */

/* Begin PBXProject section */
		14E6C91E2A46F594008817BA /* Project object */ = {
			isa = PBXProject;
			attributes = {
				BuildIndependentTargetsInParallel = 1;
				LastSwiftUpdateCheck = 1430;
				LastUpgradeCheck = 1430;
				TargetAttributes = {
					14E6C9252A46F594008817BA = {
						CreatedOnToolsVersion = 14.3.1;
					};
					14E6C9352A46F595008817BA = {
						CreatedOnToolsVersion = 14.3.1;
						TestTargetID = 14E6C9252A46F594008817BA;
					};
					14E6C93F2A46F595008817BA = {
						CreatedOnToolsVersion = 14.3.1;
						TestTargetID = 14E6C9252A46F594008817BA;
					};
				};
			};
			buildConfigurationList = 14E6C9212A46F594008817BA /* Build configuration list for PBXProject "RegUi" */;
			compatibilityVersion = "Xcode 14.0";
			developmentRegion = en;
			hasScannedForEncodings = 0;
			knownRegions = (
				en,
				Base,
			);
			mainGroup = 14E6C91D2A46F594008817BA;
			productRefGroup = 14E6C9272A46F594008817BA /* Products */;
			projectDirPath = "";
			projectRoot = "";
			targets = (
				14E6C9252A46F594008817BA /* RegUi */,
				14E6C9352A46F595008817BA /* RegUiTests */,
				14E6C93F2A46F595008817BA /* RegUiUITests */,
			);
		};
/* End PBXProject section */

/* Begin PBXResourcesBuildPhase section */
		14E6C9242A46F594008817BA /* Resources */ = {
			isa = PBXResourcesBuildPhase;
			buildActionMask = 2147483647;
			files = (
				14E6C9312A46F595008817BA /* Preview Assets.xcassets in Resources */,
				14E6C92E2A46F595008817BA /* Assets.xcassets in Resources */,
			);
			runOnlyForDeploymentPostprocessing = 0;
		};
		14E6C9342A46F595008817BA /* Resources */ = {
			isa = PBXResourcesBuildPhase;
			buildActionMask = 2147483647;
			files = (
			);
			runOnlyForDeploymentPostprocessing = 0;
		};
		14E6C93E2A46F595008817BA /* Resources */ = {
			isa = PBXResourcesBuildPhase;
			buildActionMask = 2147483647;
			files = (
			);
			runOnlyForDeploymentPostprocessing = 0;
		};
/* End PBXResourcesBuildPhase section */

/* Begin PBXSourcesBuildPhase section */
		14E6C9222A46F594008817BA /* Sources */ = {
			isa = PBXSourcesBuildPhase;
			buildActionMask = 2147483647;
			files = (
				14E6C92C2A46F594008817BA /* ContentView.swift in Sources */,
				14E6C92A2A46F594008817BA /* RegUiApp.swift in Sources */,
			);
			runOnlyForDeploymentPostprocessing = 0;
		};
		14E6C9322A46F595008817BA /* Sources */ = {
			isa = PBXSourcesBuildPhase;
			buildActionMask = 2147483647;
			files = (
				14E6C93B2A46F595008817BA /* RegUiTests.swift in Sources */,
			);
			runOnlyForDeploymentPostprocessing = 0;
		};
		14E6C93C2A46F595008817BA /* Sources */ = {
			isa = PBXSourcesBuildPhase;
			buildActionMask = 2147483647;
			files = (
				14E6C9452A46F595008817BA /* RegUiUITests.swift in Sources */,
				14E6C9472A46F595008817BA /* RegUiUITestsLaunchTests.swift in Sources */,
			);
			runOnlyForDeploymentPostprocessing = 0;
		};
/* End PBXSourcesBuildPhase section */

/* Begin PBXTargetDependency section */
		14E6C9382A46F595008817BA /* PBXTargetDependency */ = {
			isa = PBXTargetDependency;
			target = 14E6C9252A46F594008817BA /* RegUi */;
			targetProxy = 14E6C9372A46F595008817BA /* PBXContainerItemProxy */;
		};
		14E6C9422A46F595008817BA /* PBXTargetDependency */ = {
			isa = PBXTargetDependency;
			target = 14E6C9252A46F594008817BA /* RegUi */;
			targetProxy = 14E6C9412A46F595008817BA /* PBXContainerItemProxy */;
		};
/* End PBXTargetDependency section */

/* Begin XCBuildConfiguration section */
		14E6C9482A46F595008817BA /* Debug */ = {
			isa = XCBuildConfiguration;
			buildSettings = {
				ALWAYS_SEARCH_USER_PATHS = NO;
				CLANG_ANALYZER_NONNULL = YES;
				CLANG_ANALYZER_NUMBER_OBJECT_CONVERSION = YES_AGGRESSIVE;
				CLANG_CXX_LANGUAGE_STANDARD = "gnu++20";
				CLANG_ENABLE_MODULES = YES;
				CLANG_ENABLE_OBJC_ARC = YES;
				CLANG_ENABLE_OBJC_WEAK = YES;
				CLANG_WARN_BLOCK_CAPTURE_AUTORELEASING = YES;
				CLANG_WARN_BOOL_CONVERSION = YES;
				CLANG_WARN_COMMA = YES;
				CLANG_WARN_CONSTANT_CONVERSION = YES;
				CLANG_WARN_DEPRECATED_OBJC_IMPLEMENTATIONS = YES;
				CLANG_WARN_DIRECT_OBJC_ISA_USAGE = YES_ERROR;
				CLANG_WARN_DOCUMENTATION_COMMENTS = YES;
				CLANG_WARN_EMPTY_BODY = YES;
				CLANG_WARN_ENUM_CONVERSION = YES;
				CLANG_WARN_INFINITE_RECURSION = YES;
				CLANG_WARN_INT_CONVERSION = YES;
				CLANG_WARN_NON_LITERAL_NULL_CONVERSION = YES;
				CLANG_WARN_OBJC_IMPLICIT_RETAIN_SELF = YES;
				CLANG_WARN_OBJC_LITERAL_CONVERSION = YES;
				CLANG_WARN_OBJC_ROOT_CLASS = YES_ERROR;
				CLANG_WARN_QUOTED_INCLUDE_IN_FRAMEWORK_HEADER = YES;
				CLANG_WARN_RANGE_LOOP_ANALYSIS = YES;
				CLANG_WARN_STRICT_PROTOTYPES = YES;
				CLANG_WARN_SUSPICIOUS_MOVE = YES;
				CLANG_WARN_UNGUARDED_AVAILABILITY = YES_AGGRESSIVE;
				CLANG_WARN_UNREACHABLE_CODE = YES;
				CLANG_WARN__DUPLICATE_METHOD_MATCH = YES;
				COPY_PHASE_STRIP = NO;
				DEBUG_INFORMATION_FORMAT = dwarf;
				ENABLE_STRICT_OBJC_MSGSEND = YES;
				ENABLE_TESTABILITY = YES;
				GCC_C_LANGUAGE_STANDARD = gnu11;
				GCC_DYNAMIC_NO_PIC = NO;
				GCC_NO_COMMON_BLOCKS = YES;
				GCC_OPTIMIZATION_LEVEL = 0;
				GCC_PREPROCESSOR_DEFINITIONS = (
					"DEBUG=1",
					"$(inherited)",
				);
				GCC_WARN_64_TO_32_BIT_CONVERSION = YES;
				GCC_WARN_ABOUT_RETURN_TYPE = YES_ERROR;
				GCC_WARN_UNDECLARED_SELECTOR = YES;
				GCC_WARN_UNINITIALIZED_AUTOS = YES_AGGRESSIVE;
				GCC_WARN_UNUSED_FUNCTION = YES;
				GCC_WARN_UNUSED_VARIABLE = YES;
				IPHONEOS_DEPLOYMENT_TARGET = 16.4;
				MTL_ENABLE_DEBUG_INFO = INCLUDE_SOURCE;
				MTL_FAST_MATH = YES;
				ONLY_ACTIVE_ARCH = YES;
				SDKROOT = iphoneos;
				SWIFT_ACTIVE_COMPILATION_CONDITIONS = DEBUG;
				SWIFT_OPTIMIZATION_LEVEL = "-Onone";
			};
			name = Debug;
		};
		14E6C9492A46F595008817BA /* Release */ = {
			isa = XCBuildConfiguration;
			buildSettings = {
				ALWAYS_SEARCH_USER_PATHS = NO;
				CLANG_ANALYZER_NONNULL = YES;
				CLANG_ANALYZER_NUMBER_OBJECT_CONVERSION = YES_AGGRESSIVE;
				CLANG_CXX_LANGUAGE_STANDARD = "gnu++20";
				CLANG_ENABLE_MODULES = YES;
				CLANG_ENABLE_OBJC_ARC = YES;
				CLANG_ENABLE_OBJC_WEAK = YES;
				CLANG_WARN_BLOCK_CAPTURE_AUTORELEASING = YES;
				CLANG_WARN_BOOL_CONVERSION = YES;
				CLANG_WARN_COMMA = YES;
				CLANG_WARN_CONSTANT_CONVERSION = YES;
				CLANG_WARN_DEPRECATED_OBJC_IMPLEMENTATIONS = YES;
				CLANG_WARN_DIRECT_OBJC_ISA_USAGE = YES_ERROR;
				CLANG_WARN_DOCUMENTATION_COMMENTS = YES;
				CLANG_WARN_EMPTY_BODY = YES;
				CLANG_WARN_ENUM_CONVERSION = YES;
				CLANG_WARN_INFINITE_RECURSION = YES;
				CLANG_WARN_INT_CONVERSION = YES;
				CLANG_WARN_NON_LITERAL_NULL_CONVERSION = YES;
				CLANG_WARN_OBJC_IMPLICIT_RETAIN_SELF = YES;
				CLANG_WARN_OBJC_LITERAL_CONVERSION = YES;
				CLANG_WARN_OBJC_ROOT_CLASS = YES_ERROR;
				CLANG_WARN_QUOTED_INCLUDE_IN_FRAMEWORK_HEADER = YES;
				CLANG_WARN_RANGE_LOOP_ANALYSIS = YES;
				CLANG_WARN_STRICT_PROTOTYPES = YES;
				CLANG_WARN_SUSPICIOUS_MOVE = YES;
				CLANG_WARN_UNGUARDED_AVAILABILITY = YES_AGGRESSIVE;
				CLANG_WARN_UNREACHABLE_CODE = YES;
				CLANG_WARN__DUPLICATE_METHOD_MATCH = YES;
				COPY_PHASE_STRIP = NO;
				DEBUG_INFORMATION_FORMAT = "dwarf-with-dsym";
				ENABLE_NS_ASSERTIONS = NO;
				ENABLE_STRICT_OBJC_MSGSEND = YES;
				GCC_C_LANGUAGE_STANDARD = gnu11;
				GCC_NO_COMMON_BLOCKS = YES;
				GCC_WARN_64_TO_32_BIT_CONVERSION = YES;
				GCC_WARN_ABOUT_RETURN_TYPE = YES_ERROR;
				GCC_WARN_UNDECLARED_SELECTOR = YES;
				GCC_WARN_UNINITIALIZED_AUTOS = YES_AGGRESSIVE;
				GCC_WARN_UNUSED_FUNCTION = YES;
				GCC_WARN_UNUSED_VARIABLE = YES;
				IPHONEOS_DEPLOYMENT_TARGET = 16.4;
				MTL_ENABLE_DEBUG_INFO = NO;
				MTL_FAST_MATH = YES;
				SDKROOT = iphoneos;
				SWIFT_COMPILATION_MODE = wholemodule;
				SWIFT_OPTIMIZATION_LEVEL = "-O";
				VALIDATE_PRODUCT = YES;
			};
			name = Release;
		};
		14E6C94B2A46F595008817BA /* Debug */ = {
			isa = XCBuildConfiguration;
			buildSettings = {
				ASSETCATALOG_COMPILER_APPICON_NAME = AppIcon;
				ASSETCATALOG_COMPILER_GLOBAL_ACCENT_COLOR_NAME = AccentColor;
				CODE_SIGN_STYLE = Automatic;
				CURRENT_PROJECT_VERSION = 1;
				DEVELOPMENT_ASSET_PATHS = "\"RegUi/Preview Content\"";
				DEVELOPMENT_TEAM = W8U6C36CBM;
				ENABLE_PREVIEWS = YES;
				GENERATE_INFOPLIST_FILE = YES;
				INFOPLIST_KEY_UIApplicationSceneManifest_Generation = YES;
				INFOPLIST_KEY_UIApplicationSupportsIndirectInputEvents = YES;
				INFOPLIST_KEY_UILaunchScreen_Generation = YES;
				INFOPLIST_KEY_UISupportedInterfaceOrientations_iPad = "UIInterfaceOrientationPortrait UIInterfaceOrientationPortraitUpsideDown UIInterfaceOrientationLandscapeLeft UIInterfaceOrientationLandscapeRight";
				INFOPLIST_KEY_UISupportedInterfaceOrientations_iPhone = "UIInterfaceOrientationPortrait UIInterfaceOrientationLandscapeLeft UIInterfaceOrientationLandscapeRight";
				LD_RUNPATH_SEARCH_PATHS = (
					"$(inherited)",
					"@executable_path/Frameworks",
				);
				MARKETING_VERSION = 1.0;
				PRODUCT_BUNDLE_IDENTIFIER = com.RegUi;
				PRODUCT_NAME = "$(TARGET_NAME)";
				SWIFT_EMIT_LOC_STRINGS = YES;
				SWIFT_VERSION = 5.0;
				TARGETED_DEVICE_FAMILY = "1,2";
			};
			name = Debug;
		};
		14E6C94C2A46F595008817BA /* Release */ = {
			isa = XCBuildConfiguration;
			buildSettings = {
				ASSETCATALOG_COMPILER_APPICON_NAME = AppIcon;
				ASSETCATALOG_COMPILER_GLOBAL_ACCENT_COLOR_NAME = AccentColor;
				CODE_SIGN_STYLE = Automatic;
				CURRENT_PROJECT_VERSION = 1;
				DEVELOPMENT_ASSET_PATHS = "\"RegUi/Preview Content\"";
				DEVELOPMENT_TEAM = W8U6C36CBM;
				ENABLE_PREVIEWS = YES;
				GENERATE_INFOPLIST_FILE = YES;
				INFOPLIST_KEY_UIApplicationSceneManifest_Generation = YES;
				INFOPLIST_KEY_UIApplicationSupportsIndirectInputEvents = YES;
				INFOPLIST_KEY_UILaunchScreen_Generation = YES;
				INFOPLIST_KEY_UISupportedInterfaceOrientations_iPad = "UIInterfaceOrientationPortrait UIInterfaceOrientationPortraitUpsideDown UIInterfaceOrientationLandscapeLeft UIInterfaceOrientationLandscapeRight";
				INFOPLIST_KEY_UISupportedInterfaceOrientations_iPhone = "UIInterfaceOrientationPortrait UIInterfaceOrientationLandscapeLeft UIInterfaceOrientationLandscapeRight";
				LD_RUNPATH_SEARCH_PATHS = (
					"$(inherited)",
					"@executable_path/Frameworks",
				);
				MARKETING_VERSION = 1.0;
				PRODUCT_BUNDLE_IDENTIFIER = com.RegUi;
				PRODUCT_NAME = "$(TARGET_NAME)";
				SWIFT_EMIT_LOC_STRINGS = YES;
				SWIFT_VERSION = 5.0;
				TARGETED_DEVICE_FAMILY = "1,2";
			};
			name = Release;
		};
		14E6C94E2A46F595008817BA /* Debug */ = {
			isa = XCBuildConfiguration;
			buildSettings = {
				ALWAYS_EMBED_SWIFT_STANDARD_LIBRARIES = YES;
				BUNDLE_LOADER = "$(TEST_HOST)";
				CODE_SIGN_STYLE = Automatic;
				CURRENT_PROJECT_VERSION = 1;
				DEVELOPMENT_TEAM = W8U6C36CBM;
				GENERATE_INFOPLIST_FILE = YES;
				IPHONEOS_DEPLOYMENT_TARGET = 16.4;
				MARKETING_VERSION = 1.0;
				PRODUCT_BUNDLE_IDENTIFIER = com.RegUiTests;
				PRODUCT_NAME = "$(TARGET_NAME)";
				SWIFT_EMIT_LOC_STRINGS = NO;
				SWIFT_VERSION = 5.0;
				TARGETED_DEVICE_FAMILY = "1,2";
				TEST_HOST = "$(BUILT_PRODUCTS_DIR)/RegUi.app/$(BUNDLE_EXECUTABLE_FOLDER_PATH)/RegUi";
			};
			name = Debug;
		};
		14E6C94F2A46F595008817BA /* Release */ = {
			isa = XCBuildConfiguration;
			buildSettings = {
				ALWAYS_EMBED_SWIFT_STANDARD_LIBRARIES = YES;
				BUNDLE_LOADER = "$(TEST_HOST)";
				CODE_SIGN_STYLE = Automatic;
				CURRENT_PROJECT_VERSION = 1;
				DEVELOPMENT_TEAM = W8U6C36CBM;
				GENERATE_INFOPLIST_FILE = YES;
				IPHONEOS_DEPLOYMENT_TARGET = 16.4;
				MARKETING_VERSION = 1.0;
				PRODUCT_BUNDLE_IDENTIFIER = com.RegUiTests;
				PRODUCT_NAME = "$(TARGET_NAME)";
				SWIFT_EMIT_LOC_STRINGS = NO;
				SWIFT_VERSION = 5.0;
				TARGETED_DEVICE_FAMILY = "1,2";
				TEST_HOST = "$(BUILT_PRODUCTS_DIR)/RegUi.app/$(BUNDLE_EXECUTABLE_FOLDER_PATH)/RegUi";
			};
			name = Release;
		};
		14E6C9512A46F595008817BA /* Debug */ = {
			isa = XCBuildConfiguration;
			buildSettings = {
				ALWAYS_EMBED_SWIFT_STANDARD_LIBRARIES = YES;
				CODE_SIGN_STYLE = Automatic;
				CURRENT_PROJECT_VERSION = 1;
				DEVELOPMENT_TEAM = W8U6C36CBM;
				GENERATE_INFOPLIST_FILE = YES;
				MARKETING_VERSION = 1.0;
				PRODUCT_BUNDLE_IDENTIFIER = com.RegUiUITests;
				PRODUCT_NAME = "$(TARGET_NAME)";
				SWIFT_EMIT_LOC_STRINGS = NO;
				SWIFT_VERSION = 5.0;
				TARGETED_DEVICE_FAMILY = "1,2";
				TEST_TARGET_NAME = RegUi;
			};
			name = Debug;
		};
		14E6C9522A46F595008817BA /* Release */ = {
			isa = XCBuildConfiguration;
			buildSettings = {
				ALWAYS_EMBED_SWIFT_STANDARD_LIBRARIES = YES;
				CODE_SIGN_STYLE = Automatic;
				CURRENT_PROJECT_VERSION = 1;
				DEVELOPMENT_TEAM = W8U6C36CBM;
				GENERATE_INFOPLIST_FILE = YES;
				MARKETING_VERSION = 1.0;
				PRODUCT_BUNDLE_IDENTIFIER = com.RegUiUITests;
				PRODUCT_NAME = "$(TARGET_NAME)";
				SWIFT_EMIT_LOC_STRINGS = NO;
				SWIFT_VERSION = 5.0;
				TARGETED_DEVICE_FAMILY = "1,2";
				TEST_TARGET_NAME = RegUi;
			};
			name = Release;
		};
/* End XCBuildConfiguration section */

/* Begin XCConfigurationList section */
		14E6C9212A46F594008817BA /* Build configuration list for PBXProject "RegUi" */ = {
			isa = XCConfigurationList;
			buildConfigurations = (
				14E6C9482A46F595008817BA /* Debug */,
				14E6C9492A46F595008817BA /* Release */,
			);
			defaultConfigurationIsVisible = 0;
			defaultConfigurationName = Release;
		};
		14E6C94A2A46F595008817BA /* Build configuration list for PBXNativeTarget "RegUi" */ = {
			isa = XCConfigurationList;
			buildConfigurations = (
				14E6C94B2A46F595008817BA /* Debug */,
				14E6C94C2A46F595008817BA /* Release */,
			);
			defaultConfigurationIsVisible = 0;
			defaultConfigurationName = Release;
		};
		14E6C94D2A46F595008817BA /* Build configuration list for PBXNativeTarget "RegUiTests" */ = {
			isa = XCConfigurationList;
			buildConfigurations = (
				14E6C94E2A46F595008817BA /* Debug */,
				14E6C94F2A46F595008817BA /* Release */,
			);
			defaultConfigurationIsVisible = 0;
			defaultConfigurationName = Release;
		};
		14E6C9502A46F595008817BA /* Build configuration list for PBXNativeTarget "RegUiUITests" */ = {
			isa = XCConfigurationList;
			buildConfigurations = (
				14E6C9512A46F595008817BA /* Debug */,
				14E6C9522A46F595008817BA /* Release */,
			);
			defaultConfigurationIsVisible = 0;
			defaultConfigurationName = Release;
		};
/* End XCConfigurationList section */
	};
	rootObject = 14E6C91E2A46F594008817BA /* Project object */;
}
